// !$*UTF8*$!
{
	archiveVersion = 1;
	classes = {
	};
	objectVersion = 50;
	objects = {

/* Begin PBXBuildFile section */
		5F2514532109345C008C5A98 /* main.cpp in Sources */ = {isa = PBXBuildFile; fileRef = 5F2514522109345C008C5A98 /* main.cpp */; };
		5F25146321093520008C5A98 /* hello_world_impl.cpp in Sources */ = {isa = PBXBuildFile; fileRef = 5F25146121093520008C5A98 /* hello_world_impl.cpp */; };
		5F25149121094A5B008C5A98 /* AppDelegate.m in Sources */ = {isa = PBXBuildFile; fileRef = 5F25149021094A5B008C5A98 /* AppDelegate.m */; };
		5F25149421094A5B008C5A98 /* ViewController.m in Sources */ = {isa = PBXBuildFile; fileRef = 5F25149321094A5B008C5A98 /* ViewController.m */; };
		5F25149721094A5B008C5A98 /* Main.storyboard in Resources */ = {isa = PBXBuildFile; fileRef = 5F25149521094A5B008C5A98 /* Main.storyboard */; };
		5F25149921094A5D008C5A98 /* Assets.xcassets in Resources */ = {isa = PBXBuildFile; fileRef = 5F25149821094A5D008C5A98 /* Assets.xcassets */; };
		5F25149C21094A5D008C5A98 /* LaunchScreen.storyboard in Resources */ = {isa = PBXBuildFile; fileRef = 5F25149A21094A5D008C5A98 /* LaunchScreen.storyboard */; };
		5F25149F21094A5D008C5A98 /* main.mm in Sources */ = {isa = PBXBuildFile; fileRef = 5F25149E21094A5D008C5A98 /* main.mm */; };
		5F2514A321094A8B008C5A98 /* hello_world_impl.cpp in Sources */ = {isa = PBXBuildFile; fileRef = 5F25146121093520008C5A98 /* hello_world_impl.cpp */; };
		5F2514A821094AF8008C5A98 /* HWHelloWorld+Private.mm in Sources */ = {isa = PBXBuildFile; fileRef = 5F2514A621094AF8008C5A98 /* HWHelloWorld+Private.mm */; };
		5F2514B021094B14008C5A98 /* DJIProxyCaches.mm in Sources */ = {isa = PBXBuildFile; fileRef = 5F2514AA21094B14008C5A98 /* DJIProxyCaches.mm */; };
		5F2514B121094B14008C5A98 /* DJIError.mm in Sources */ = {isa = PBXBuildFile; fileRef = 5F2514AB21094B14008C5A98 /* DJIError.mm */; };
/* End PBXBuildFile section */

/* Begin PBXCopyFilesBuildPhase section */
		5F25144D2109345C008C5A98 /* CopyFiles */ = {
			isa = PBXCopyFilesBuildPhase;
			buildActionMask = 2147483647;
			dstPath = /usr/share/man/man1/;
			dstSubfolderSpec = 0;
			files = (
			);
			runOnlyForDeploymentPostprocessing = 1;
		};
/* End PBXCopyFilesBuildPhase section */

/* Begin PBXFileReference section */
		5F25144F2109345C008C5A98 /* PrahaZijeHudbou */ = {isa = PBXFileReference; explicitFileType = "compiled.mach-o.executable"; includeInIndex = 0; path = PrahaZijeHudbou; sourceTree = BUILT_PRODUCTS_DIR; };
		5F2514522109345C008C5A98 /* main.cpp */ = {isa = PBXFileReference; lastKnownFileType = sourcecode.cpp.cpp; path = main.cpp; sourceTree = "<group>"; };
		5F251460210934ED008C5A98 /* hello_world.hpp */ = {isa = PBXFileReference; fileEncoding = 4; lastKnownFileType = sourcecode.cpp.h; name = hello_world.hpp; path = "../../../generated-src/cpp/hello_world.hpp"; sourceTree = "<group>"; };
		5F25146121093520008C5A98 /* hello_world_impl.cpp */ = {isa = PBXFileReference; fileEncoding = 4; lastKnownFileType = sourcecode.cpp.cpp; name = hello_world_impl.cpp; path = ../../../src/cpp/hello_world_impl.cpp; sourceTree = "<group>"; };
		5F25146221093520008C5A98 /* hello_world_impl.hpp */ = {isa = PBXFileReference; fileEncoding = 4; lastKnownFileType = sourcecode.cpp.h; name = hello_world_impl.hpp; path = ../../../src/cpp/hello_world_impl.hpp; sourceTree = "<group>"; };
		5F25148D21094A5B008C5A98 /* Praha Zije Hudbou iOS.app */ = {isa = PBXFileReference; explicitFileType = wrapper.application; includeInIndex = 0; path = "Praha Zije Hudbou iOS.app"; sourceTree = BUILT_PRODUCTS_DIR; };
		5F25148F21094A5B008C5A98 /* AppDelegate.h */ = {isa = PBXFileReference; lastKnownFileType = sourcecode.c.h; path = AppDelegate.h; sourceTree = "<group>"; };
		5F25149021094A5B008C5A98 /* AppDelegate.m */ = {isa = PBXFileReference; lastKnownFileType = sourcecode.c.objc; path = AppDelegate.m; sourceTree = "<group>"; };
		5F25149221094A5B008C5A98 /* ViewController.h */ = {isa = PBXFileReference; lastKnownFileType = sourcecode.c.h; path = ViewController.h; sourceTree = "<group>"; };
		5F25149321094A5B008C5A98 /* ViewController.m */ = {isa = PBXFileReference; lastKnownFileType = sourcecode.c.objc; path = ViewController.m; sourceTree = "<group>"; };
		5F25149621094A5B008C5A98 /* Base */ = {isa = PBXFileReference; lastKnownFileType = file.storyboard; name = Base; path = Base.lproj/Main.storyboard; sourceTree = "<group>"; };
		5F25149821094A5D008C5A98 /* Assets.xcassets */ = {isa = PBXFileReference; lastKnownFileType = folder.assetcatalog; path = Assets.xcassets; sourceTree = "<group>"; };
		5F25149B21094A5D008C5A98 /* Base */ = {isa = PBXFileReference; lastKnownFileType = file.storyboard; name = Base; path = Base.lproj/LaunchScreen.storyboard; sourceTree = "<group>"; };
		5F25149D21094A5D008C5A98 /* Info.plist */ = {isa = PBXFileReference; lastKnownFileType = text.plist.xml; path = Info.plist; sourceTree = "<group>"; };
		5F25149E21094A5D008C5A98 /* main.mm */ = {isa = PBXFileReference; lastKnownFileType = sourcecode.cpp.objcpp; path = main.mm; sourceTree = "<group>"; };
		5F2514A521094AF8008C5A98 /* HWHelloWorld.h */ = {isa = PBXFileReference; fileEncoding = 4; lastKnownFileType = sourcecode.c.h; name = HWHelloWorld.h; path = "../../../../generated-src/objc/HWHelloWorld.h"; sourceTree = "<group>"; };
		5F2514A621094AF8008C5A98 /* HWHelloWorld+Private.mm */ = {isa = PBXFileReference; fileEncoding = 4; lastKnownFileType = sourcecode.cpp.objcpp; name = "HWHelloWorld+Private.mm"; path = "../../../../generated-src/objc/HWHelloWorld+Private.mm"; sourceTree = "<group>"; };
		5F2514A721094AF8008C5A98 /* HWHelloWorld+Private.h */ = {isa = PBXFileReference; fileEncoding = 4; lastKnownFileType = sourcecode.c.h; name = "HWHelloWorld+Private.h"; path = "../../../../generated-src/objc/HWHelloWorld+Private.h"; sourceTree = "<group>"; };
		5F2514AA21094B14008C5A98 /* DJIProxyCaches.mm */ = {isa = PBXFileReference; fileEncoding = 4; lastKnownFileType = sourcecode.cpp.objcpp; name = DJIProxyCaches.mm; path = "../../../../deps/djinni/support-lib/objc/DJIProxyCaches.mm"; sourceTree = "<group>"; };
		5F2514AB21094B14008C5A98 /* DJIError.mm */ = {isa = PBXFileReference; fileEncoding = 4; lastKnownFileType = sourcecode.cpp.objcpp; name = DJIError.mm; path = "../../../../deps/djinni/support-lib/objc/DJIError.mm"; sourceTree = "<group>"; };
		5F2514AC21094B14008C5A98 /* DJIObjcWrapperCache+Private.h */ = {isa = PBXFileReference; fileEncoding = 4; lastKnownFileType = sourcecode.c.h; name = "DJIObjcWrapperCache+Private.h"; path = "../../../../deps/djinni/support-lib/objc/DJIObjcWrapperCache+Private.h"; sourceTree = "<group>"; };
		5F2514AD21094B14008C5A98 /* DJIMarshal+Private.h */ = {isa = PBXFileReference; fileEncoding = 4; lastKnownFileType = sourcecode.c.h; name = "DJIMarshal+Private.h"; path = "../../../../deps/djinni/support-lib/objc/DJIMarshal+Private.h"; sourceTree = "<group>"; };
		5F2514AE21094B14008C5A98 /* DJICppWrapperCache+Private.h */ = {isa = PBXFileReference; fileEncoding = 4; lastKnownFileType = sourcecode.c.h; name = "DJICppWrapperCache+Private.h"; path = "../../../../deps/djinni/support-lib/objc/DJICppWrapperCache+Private.h"; sourceTree = "<group>"; };
		5F2514AF21094B14008C5A98 /* DJIError.h */ = {isa = PBXFileReference; fileEncoding = 4; lastKnownFileType = sourcecode.c.h; name = DJIError.h; path = "../../../../deps/djinni/support-lib/objc/DJIError.h"; sourceTree = "<group>"; };
/* End PBXFileReference section */

/* Begin PBXFrameworksBuildPhase section */
		5F25144C2109345C008C5A98 /* Frameworks */ = {
			isa = PBXFrameworksBuildPhase;
			buildActionMask = 2147483647;
			files = (
			);
			runOnlyForDeploymentPostprocessing = 0;
		};
		5F25148A21094A5B008C5A98 /* Frameworks */ = {
			isa = PBXFrameworksBuildPhase;
			buildActionMask = 2147483647;
			files = (
			);
			runOnlyForDeploymentPostprocessing = 0;
		};
/* End PBXFrameworksBuildPhase section */

/* Begin PBXGroup section */
		5F2514462109345C008C5A98 = {
			isa = PBXGroup;
			children = (
				5F2514512109345C008C5A98 /* PrahaZijeHudbou */,
				5F25148E21094A5B008C5A98 /* Praha Zije Hudbou iOS */,
				5F2514502109345C008C5A98 /* Products */,
			);
			sourceTree = "<group>";
		};
		5F2514502109345C008C5A98 /* Products */ = {
			isa = PBXGroup;
			children = (
				5F25144F2109345C008C5A98 /* PrahaZijeHudbou */,
				5F25148D21094A5B008C5A98 /* Praha Zije Hudbou iOS.app */,
			);
			name = Products;
			sourceTree = "<group>";
		};
		5F2514512109345C008C5A98 /* PrahaZijeHudbou */ = {
			isa = PBXGroup;
			children = (
				5F2514522109345C008C5A98 /* main.cpp */,
				5F251460210934ED008C5A98 /* hello_world.hpp */,
				5F25146121093520008C5A98 /* hello_world_impl.cpp */,
				5F25146221093520008C5A98 /* hello_world_impl.hpp */,
			);
			path = PrahaZijeHudbou;
			sourceTree = "<group>";
		};
		5F25148E21094A5B008C5A98 /* Praha Zije Hudbou iOS */ = {
			isa = PBXGroup;
			children = (
				5F2514B221094B21008C5A98 /* Supporting Files */,
				5F2514A921094B03008C5A98 /* Djinni */,
				5F2514A421094AD8008C5A98 /* Bridge */,
				5F25148F21094A5B008C5A98 /* AppDelegate.h */,
				5F25149021094A5B008C5A98 /* AppDelegate.m */,
				5F25149221094A5B008C5A98 /* ViewController.h */,
				5F25149321094A5B008C5A98 /* ViewController.m */,
				5F25149521094A5B008C5A98 /* Main.storyboard */,
				5F25149821094A5D008C5A98 /* Assets.xcassets */,
				5F25149A21094A5D008C5A98 /* LaunchScreen.storyboard */,
				5F25149D21094A5D008C5A98 /* Info.plist */,
			);
			path = "Praha Zije Hudbou iOS";
			sourceTree = "<group>";
		};
		5F2514A421094AD8008C5A98 /* Bridge */ = {
			isa = PBXGroup;
			children = (
				5F2514A521094AF8008C5A98 /* HWHelloWorld.h */,
				5F2514A721094AF8008C5A98 /* HWHelloWorld+Private.h */,
				5F2514A621094AF8008C5A98 /* HWHelloWorld+Private.mm */,
			);
			path = Bridge;
			sourceTree = "<group>";
		};
		5F2514A921094B03008C5A98 /* Djinni */ = {
			isa = PBXGroup;
			children = (
				5F2514AE21094B14008C5A98 /* DJICppWrapperCache+Private.h */,
				5F2514AF21094B14008C5A98 /* DJIError.h */,
				5F2514AB21094B14008C5A98 /* DJIError.mm */,
				5F2514AD21094B14008C5A98 /* DJIMarshal+Private.h */,
				5F2514AC21094B14008C5A98 /* DJIObjcWrapperCache+Private.h */,
				5F2514AA21094B14008C5A98 /* DJIProxyCaches.mm */,
			);
			path = Djinni;
			sourceTree = "<group>";
		};
		5F2514B221094B21008C5A98 /* Supporting Files */ = {
			isa = PBXGroup;
			children = (
				5F25149E21094A5D008C5A98 /* main.mm */,
			);
			path = "Supporting Files";
			sourceTree = "<group>";
		};
/* End PBXGroup section */

/* Begin PBXNativeTarget section */
		5F25144E2109345C008C5A98 /* PrahaZijeHudbou */ = {
			isa = PBXNativeTarget;
			buildConfigurationList = 5F2514562109345C008C5A98 /* Build configuration list for PBXNativeTarget "PrahaZijeHudbou" */;
			buildPhases = (
				5F25144B2109345C008C5A98 /* Sources */,
				5F25144C2109345C008C5A98 /* Frameworks */,
				5F25144D2109345C008C5A98 /* CopyFiles */,
			);
			buildRules = (
			);
			dependencies = (
			);
			name = PrahaZijeHudbou;
			productName = PrahaZijeHudbou;
			productReference = 5F25144F2109345C008C5A98 /* PrahaZijeHudbou */;
			productType = "com.apple.product-type.tool";
		};
		5F25148C21094A5B008C5A98 /* Praha Zije Hudbou iOS */ = {
			isa = PBXNativeTarget;
			buildConfigurationList = 5F2514A021094A5D008C5A98 /* Build configuration list for PBXNativeTarget "Praha Zije Hudbou iOS" */;
			buildPhases = (
				5F25148921094A5B008C5A98 /* Sources */,
				5F25148A21094A5B008C5A98 /* Frameworks */,
				5F25148B21094A5B008C5A98 /* Resources */,
			);
			buildRules = (
			);
			dependencies = (
			);
			name = "Praha Zije Hudbou iOS";
			productName = "Praha Zije Hudbou iOS";
			productReference = 5F25148D21094A5B008C5A98 /* Praha Zije Hudbou iOS.app */;
			productType = "com.apple.product-type.application";
		};
/* End PBXNativeTarget section */

/* Begin PBXProject section */
		5F2514472109345C008C5A98 /* Project object */ = {
			isa = PBXProject;
			attributes = {
				LastSwiftUpdateCheck = 0940;
				LastUpgradeCheck = 0940;
				ORGANIZATIONNAME = BlindChameleonStudio;
				TargetAttributes = {
					5F25144E2109345C008C5A98 = {
						CreatedOnToolsVersion = 9.4.1;
					};
					5F25148C21094A5B008C5A98 = {
						CreatedOnToolsVersion = 9.4.1;
					};
				};
			};
			buildConfigurationList = 5F25144A2109345C008C5A98 /* Build configuration list for PBXProject "PrahaZijeHudbou" */;
			compatibilityVersion = "Xcode 9.3";
			developmentRegion = en;
			hasScannedForEncodings = 0;
			knownRegions = (
				en,
				Base,
			);
			mainGroup = 5F2514462109345C008C5A98;
			productRefGroup = 5F2514502109345C008C5A98 /* Products */;
			projectDirPath = "";
			projectRoot = "";
			targets = (
				5F25144E2109345C008C5A98 /* PrahaZijeHudbou */,
				5F25148C21094A5B008C5A98 /* Praha Zije Hudbou iOS */,
			);
		};
/* End PBXProject section */

/* Begin PBXResourcesBuildPhase section */
		5F25148B21094A5B008C5A98 /* Resources */ = {
			isa = PBXResourcesBuildPhase;
			buildActionMask = 2147483647;
			files = (
				5F25149C21094A5D008C5A98 /* LaunchScreen.storyboard in Resources */,
				5F25149921094A5D008C5A98 /* Assets.xcassets in Resources */,
				5F25149721094A5B008C5A98 /* Main.storyboard in Resources */,
			);
			runOnlyForDeploymentPostprocessing = 0;
		};
/* End PBXResourcesBuildPhase section */

/* Begin PBXSourcesBuildPhase section */
		5F25144B2109345C008C5A98 /* Sources */ = {
			isa = PBXSourcesBuildPhase;
			buildActionMask = 2147483647;
			files = (
				5F2514532109345C008C5A98 /* main.cpp in Sources */,
				5F25146321093520008C5A98 /* hello_world_impl.cpp in Sources */,
			);
			runOnlyForDeploymentPostprocessing = 0;
		};
		5F25148921094A5B008C5A98 /* Sources */ = {
			isa = PBXSourcesBuildPhase;
			buildActionMask = 2147483647;
			files = (
				5F2514B121094B14008C5A98 /* DJIError.mm in Sources */,
				5F25149421094A5B008C5A98 /* ViewController.m in Sources */,
				5F2514A321094A8B008C5A98 /* hello_world_impl.cpp in Sources */,
				5F2514A821094AF8008C5A98 /* HWHelloWorld+Private.mm in Sources */,
				5F25149F21094A5D008C5A98 /* main.mm in Sources */,
				5F25149121094A5B008C5A98 /* AppDelegate.m in Sources */,
				5F2514B021094B14008C5A98 /* DJIProxyCaches.mm in Sources */,
			);
			runOnlyForDeploymentPostprocessing = 0;
		};
/* End PBXSourcesBuildPhase section */

/* Begin PBXVariantGroup section */
		5F25149521094A5B008C5A98 /* Main.storyboard */ = {
			isa = PBXVariantGroup;
			children = (
				5F25149621094A5B008C5A98 /* Base */,
			);
			name = Main.storyboard;
			sourceTree = "<group>";
		};
		5F25149A21094A5D008C5A98 /* LaunchScreen.storyboard */ = {
			isa = PBXVariantGroup;
			children = (
				5F25149B21094A5D008C5A98 /* Base */,
			);
			name = LaunchScreen.storyboard;
			sourceTree = "<group>";
		};
/* End PBXVariantGroup section */

/* Begin XCBuildConfiguration section */
		5F2514542109345C008C5A98 /* Debug */ = {
			isa = XCBuildConfiguration;
			buildSettings = {
				ALWAYS_SEARCH_USER_PATHS = NO;
				CLANG_ANALYZER_NONNULL = YES;
				CLANG_ANALYZER_NUMBER_OBJECT_CONVERSION = YES_AGGRESSIVE;
				CLANG_CXX_LANGUAGE_STANDARD = "gnu++14";
				CLANG_CXX_LIBRARY = "libc++";
				CLANG_ENABLE_MODULES = YES;
				CLANG_ENABLE_OBJC_ARC = YES;
				CLANG_ENABLE_OBJC_WEAK = YES;
				CLANG_WARN_BLOCK_CAPTURE_AUTORELEASING = YES;
				CLANG_WARN_BOOL_CONVERSION = YES;
				CLANG_WARN_COMMA = YES;
				CLANG_WARN_CONSTANT_CONVERSION = YES;
				CLANG_WARN_DEPRECATED_OBJC_IMPLEMENTATIONS = YES;
				CLANG_WARN_DIRECT_OBJC_ISA_USAGE = YES_ERROR;
				CLANG_WARN_DOCUMENTATION_COMMENTS = YES;
				CLANG_WARN_EMPTY_BODY = YES;
				CLANG_WARN_ENUM_CONVERSION = YES;
				CLANG_WARN_INFINITE_RECURSION = YES;
				CLANG_WARN_INT_CONVERSION = YES;
				CLANG_WARN_NON_LITERAL_NULL_CONVERSION = YES;
				CLANG_WARN_OBJC_IMPLICIT_RETAIN_SELF = YES;
				CLANG_WARN_OBJC_LITERAL_CONVERSION = YES;
				CLANG_WARN_OBJC_ROOT_CLASS = YES_ERROR;
				CLANG_WARN_RANGE_LOOP_ANALYSIS = YES;
				CLANG_WARN_STRICT_PROTOTYPES = YES;
				CLANG_WARN_SUSPICIOUS_MOVE = YES;
				CLANG_WARN_UNGUARDED_AVAILABILITY = YES_AGGRESSIVE;
				CLANG_WARN_UNREACHABLE_CODE = YES;
				CLANG_WARN__DUPLICATE_METHOD_MATCH = YES;
				CODE_SIGN_IDENTITY = "Mac Developer";
				COPY_PHASE_STRIP = NO;
				DEBUG_INFORMATION_FORMAT = dwarf;
				ENABLE_STRICT_OBJC_MSGSEND = YES;
				ENABLE_TESTABILITY = YES;
				GCC_C_LANGUAGE_STANDARD = gnu11;
				GCC_DYNAMIC_NO_PIC = NO;
				GCC_NO_COMMON_BLOCKS = YES;
				GCC_OPTIMIZATION_LEVEL = 0;
				GCC_PREPROCESSOR_DEFINITIONS = (
					"DEBUG=1",
					"$(inherited)",
				);
				GCC_WARN_64_TO_32_BIT_CONVERSION = YES;
				GCC_WARN_ABOUT_RETURN_TYPE = YES_ERROR;
				GCC_WARN_UNDECLARED_SELECTOR = YES;
				GCC_WARN_UNINITIALIZED_AUTOS = YES_AGGRESSIVE;
				GCC_WARN_UNUSED_FUNCTION = YES;
				GCC_WARN_UNUSED_VARIABLE = YES;
				MACOSX_DEPLOYMENT_TARGET = 10.13;
				MTL_ENABLE_DEBUG_INFO = YES;
				ONLY_ACTIVE_ARCH = YES;
				SDKROOT = macosx;
			};
			name = Debug;
		};
		5F2514552109345C008C5A98 /* Release */ = {
			isa = XCBuildConfiguration;
			buildSettings = {
				ALWAYS_SEARCH_USER_PATHS = NO;
				CLANG_ANALYZER_NONNULL = YES;
				CLANG_ANALYZER_NUMBER_OBJECT_CONVERSION = YES_AGGRESSIVE;
				CLANG_CXX_LANGUAGE_STANDARD = "gnu++14";
				CLANG_CXX_LIBRARY = "libc++";
				CLANG_ENABLE_MODULES = YES;
				CLANG_ENABLE_OBJC_ARC = YES;
				CLANG_ENABLE_OBJC_WEAK = YES;
				CLANG_WARN_BLOCK_CAPTURE_AUTORELEASING = YES;
				CLANG_WARN_BOOL_CONVERSION = YES;
				CLANG_WARN_COMMA = YES;
				CLANG_WARN_CONSTANT_CONVERSION = YES;
				CLANG_WARN_DEPRECATED_OBJC_IMPLEMENTATIONS = YES;
				CLANG_WARN_DIRECT_OBJC_ISA_USAGE = YES_ERROR;
				CLANG_WARN_DOCUMENTATION_COMMENTS = YES;
				CLANG_WARN_EMPTY_BODY = YES;
				CLANG_WARN_ENUM_CONVERSION = YES;
				CLANG_WARN_INFINITE_RECURSION = YES;
				CLANG_WARN_INT_CONVERSION = YES;
				CLANG_WARN_NON_LITERAL_NULL_CONVERSION = YES;
				CLANG_WARN_OBJC_IMPLICIT_RETAIN_SELF = YES;
				CLANG_WARN_OBJC_LITERAL_CONVERSION = YES;
				CLANG_WARN_OBJC_ROOT_CLASS = YES_ERROR;
				CLANG_WARN_RANGE_LOOP_ANALYSIS = YES;
				CLANG_WARN_STRICT_PROTOTYPES = YES;
				CLANG_WARN_SUSPICIOUS_MOVE = YES;
				CLANG_WARN_UNGUARDED_AVAILABILITY = YES_AGGRESSIVE;
				CLANG_WARN_UNREACHABLE_CODE = YES;
				CLANG_WARN__DUPLICATE_METHOD_MATCH = YES;
				CODE_SIGN_IDENTITY = "Mac Developer";
				COPY_PHASE_STRIP = NO;
				DEBUG_INFORMATION_FORMAT = "dwarf-with-dsym";
				ENABLE_NS_ASSERTIONS = NO;
				ENABLE_STRICT_OBJC_MSGSEND = YES;
				GCC_C_LANGUAGE_STANDARD = gnu11;
				GCC_NO_COMMON_BLOCKS = YES;
				GCC_WARN_64_TO_32_BIT_CONVERSION = YES;
				GCC_WARN_ABOUT_RETURN_TYPE = YES_ERROR;
				GCC_WARN_UNDECLARED_SELECTOR = YES;
				GCC_WARN_UNINITIALIZED_AUTOS = YES_AGGRESSIVE;
				GCC_WARN_UNUSED_FUNCTION = YES;
				GCC_WARN_UNUSED_VARIABLE = YES;
				MACOSX_DEPLOYMENT_TARGET = 10.13;
				MTL_ENABLE_DEBUG_INFO = NO;
				SDKROOT = macosx;
			};
			name = Release;
		};
		5F2514572109345C008C5A98 /* Debug */ = {
			isa = XCBuildConfiguration;
			buildSettings = {
				CODE_SIGN_STYLE = Automatic;
				DEVELOPMENT_TEAM = VTWF7ZVM78;
				PRODUCT_NAME = "$(TARGET_NAME)";
			};
			name = Debug;
		};
		5F2514582109345C008C5A98 /* Release */ = {
			isa = XCBuildConfiguration;
			buildSettings = {
				CODE_SIGN_STYLE = Automatic;
				DEVELOPMENT_TEAM = VTWF7ZVM78;
				PRODUCT_NAME = "$(TARGET_NAME)";
			};
			name = Release;
		};
		5F2514A121094A5D008C5A98 /* Debug */ = {
			isa = XCBuildConfiguration;
			buildSettings = {
				ASSETCATALOG_COMPILER_APPICON_NAME = AppIcon;
				CODE_SIGN_IDENTITY = "iPhone Developer";
				CODE_SIGN_STYLE = Automatic;
				DEVELOPMENT_TEAM = VTWF7ZVM78;
				INFOPLIST_FILE = "Praha Zije Hudbou iOS/Info.plist";
				IPHONEOS_DEPLOYMENT_TARGET = 11.4;
				LD_RUNPATH_SEARCH_PATHS = (
					"$(inherited)",
					"@executable_path/Frameworks",
				);
				PRODUCT_BUNDLE_IDENTIFIER = "com.blindchameleonstudio.Praha-Zije-Hudbou-iOS";
				PRODUCT_NAME = "$(TARGET_NAME)";
				SDKROOT = iphoneos;
				TARGETED_DEVICE_FAMILY = "1,2";
			};
			name = Debug;
		};
		5F2514A221094A5D008C5A98 /* Release */ = {
			isa = XCBuildConfiguration;
			buildSettings = {
				ASSETCATALOG_COMPILER_APPICON_NAME = AppIcon;
				CODE_SIGN_IDENTITY = "iPhone Developer";
				CODE_SIGN_STYLE = Automatic;
				DEVELOPMENT_TEAM = VTWF7ZVM78;
				INFOPLIST_FILE = "Praha Zije Hudbou iOS/Info.plist";
				IPHONEOS_DEPLOYMENT_TARGET = 11.4;
				LD_RUNPATH_SEARCH_PATHS = (
					"$(inherited)",
					"@executable_path/Frameworks",
				);
				PRODUCT_BUNDLE_IDENTIFIER = "com.blindchameleonstudio.Praha-Zije-Hudbou-iOS";
				PRODUCT_NAME = "$(TARGET_NAME)";
				SDKROOT = iphoneos;
				TARGETED_DEVICE_FAMILY = "1,2";
				VALIDATE_PRODUCT = YES;
			};
			name = Release;
		};
/* End XCBuildConfiguration section */

/* Begin XCConfigurationList section */
		5F25144A2109345C008C5A98 /* Build configuration list for PBXProject "PrahaZijeHudbou" */ = {
			isa = XCConfigurationList;
			buildConfigurations = (
				5F2514542109345C008C5A98 /* Debug */,
				5F2514552109345C008C5A98 /* Release */,
			);
			defaultConfigurationIsVisible = 0;
			defaultConfigurationName = Release;
		};
		5F2514562109345C008C5A98 /* Build configuration list for PBXNativeTarget "PrahaZijeHudbou" */ = {
			isa = XCConfigurationList;
			buildConfigurations = (
				5F2514572109345C008C5A98 /* Debug */,
				5F2514582109345C008C5A98 /* Release */,
			);
			defaultConfigurationIsVisible = 0;
			defaultConfigurationName = Release;
		};
		5F2514A021094A5D008C5A98 /* Build configuration list for PBXNativeTarget "Praha Zije Hudbou iOS" */ = {
			isa = XCConfigurationList;
			buildConfigurations = (
				5F2514A121094A5D008C5A98 /* Debug */,
				5F2514A221094A5D008C5A98 /* Release */,
			);
			defaultConfigurationIsVisible = 0;
			defaultConfigurationName = Release;
		};
/* End XCConfigurationList section */
	};
	rootObject = 5F2514472109345C008C5A98 /* Project object */;
}
